
Microsoft Visual Studio Solution File, Format Version 12.00
# Visual Studio Version 17
VisualStudioVersion = 17.7.34031.279
MinimumVisualStudioVersion = 10.0.40219.1
Project("{FAE04EC0-301F-11D3-BF4B-00C04F79EFBC}") = "Dedea_AlexandraClaudia_Lab1", "Dedea_AlexandraClaudia_Lab1.csproj", "{96BD87AE-2561-4F64-9600-32FB35D65D41}"
EndProject
Global
	GlobalSection(SolutionConfigurationPlatforms) = preSolution
		Debug|Any CPU = Debug|Any CPU
		Release|Any CPU = Release|Any CPU
	EndGlobalSection
	GlobalSection(ProjectConfigurationPlatforms) = postSolution
		{96BD87AE-2561-4F64-9600-32FB35D65D41}.Debug|Any CPU.ActiveCfg = Debug|Any CPU
		{96BD87AE-2561-4F64-9600-32FB35D65D41}.Debug|Any CPU.Build.0 = Debug|Any CPU
		{96BD87AE-2561-4F64-9600-32FB35D65D41}.Release|Any CPU.ActiveCfg = Release|Any CPU
		{96BD87AE-2561-4F64-9600-32FB35D65D41}.Release|Any CPU.Build.0 = Release|Any CPU
	EndGlobalSection
	GlobalSection(SolutionProperties) = preSolution
		HideSolutionNode = FALSE
	EndGlobalSection
	GlobalSection(ExtensibilityGlobals) = postSolution
		SolutionGuid = {E6B6C529-1621-478F-BB48-57D6F3DEA854}
	EndGlobalSection
EndGlobal
